
Microsoft Visual Studio Solution File, Format Version 12.00
# Visual Studio 15
VisualStudioVersion = 15.0.27428.2043
MinimumVisualStudioVersion = 10.0.40219.1
Project("{FAE04EC0-301F-11D3-BF4B-00C04F79EFBC}") = "DistributedPasswordsWPF", "DistributedPasswordsWPF\DistributedPasswordsWPF.csproj", "{9C57B67B-8D22-4A38-B2FD-2F9C5E5218BE}"
EndProject
Project("{FAE04EC0-301F-11D3-BF4B-00C04F79EFBC}") = "DstPasswordsCore", "DstPasswordsCore\DstPasswordsCore.csproj", "{30815C65-C3D3-415B-9D71-5D70593F4E7E}"
EndProject
Project("{FAE04EC0-301F-11D3-BF4B-00C04F79EFBC}") = "DstPasswordsAndroid", "DstPasswordsAndroid\DstPasswordsAndroid.csproj", "{5587938B-71B4-4E21-9427-FBA1A418EF94}"
EndProject
Project("{FAE04EC0-301F-11D3-BF4B-00C04F79EFBC}") = "ConsoleTestApp", "ConsoleTestApp\ConsoleTestApp.csproj", "{ACD863D7-F31E-4D56-ACE8-CC20D2D584A6}"
EndProject
Global
	GlobalSection(SolutionConfigurationPlatforms) = preSolution
		Debug|Any CPU = Debug|Any CPU
		Release|Any CPU = Release|Any CPU
	EndGlobalSection
	GlobalSection(ProjectConfigurationPlatforms) = postSolution
		{9C57B67B-8D22-4A38-B2FD-2F9C5E5218BE}.Debug|Any CPU.ActiveCfg = Debug|Any CPU
		{9C57B67B-8D22-4A38-B2FD-2F9C5E5218BE}.Debug|Any CPU.Build.0 = Debug|Any CPU
		{9C57B67B-8D22-4A38-B2FD-2F9C5E5218BE}.Release|Any CPU.ActiveCfg = Release|Any CPU
		{9C57B67B-8D22-4A38-B2FD-2F9C5E5218BE}.Release|Any CPU.Build.0 = Release|Any CPU
		{30815C65-C3D3-415B-9D71-5D70593F4E7E}.Debug|Any CPU.ActiveCfg = Debug|Any CPU
		{30815C65-C3D3-415B-9D71-5D70593F4E7E}.Debug|Any CPU.Build.0 = Debug|Any CPU
		{30815C65-C3D3-415B-9D71-5D70593F4E7E}.Release|Any CPU.ActiveCfg = Release|Any CPU
		{30815C65-C3D3-415B-9D71-5D70593F4E7E}.Release|Any CPU.Build.0 = Release|Any CPU
		{5587938B-71B4-4E21-9427-FBA1A418EF94}.Debug|Any CPU.ActiveCfg = Debug|Any CPU
		{5587938B-71B4-4E21-9427-FBA1A418EF94}.Debug|Any CPU.Build.0 = Debug|Any CPU
		{5587938B-71B4-4E21-9427-FBA1A418EF94}.Debug|Any CPU.Deploy.0 = Debug|Any CPU
		{5587938B-71B4-4E21-9427-FBA1A418EF94}.Release|Any CPU.ActiveCfg = Release|Any CPU
		{5587938B-71B4-4E21-9427-FBA1A418EF94}.Release|Any CPU.Build.0 = Release|Any CPU
		{5587938B-71B4-4E21-9427-FBA1A418EF94}.Release|Any CPU.Deploy.0 = Release|Any CPU
		{ACD863D7-F31E-4D56-ACE8-CC20D2D584A6}.Debug|Any CPU.ActiveCfg = Debug|Any CPU
		{ACD863D7-F31E-4D56-ACE8-CC20D2D584A6}.Debug|Any CPU.Build.0 = Debug|Any CPU
		{ACD863D7-F31E-4D56-ACE8-CC20D2D584A6}.Release|Any CPU.ActiveCfg = Release|Any CPU
		{ACD863D7-F31E-4D56-ACE8-CC20D2D584A6}.Release|Any CPU.Build.0 = Release|Any CPU
	EndGlobalSection
	GlobalSection(SolutionProperties) = preSolution
		HideSolutionNode = FALSE
	EndGlobalSection
	GlobalSection(ExtensibilityGlobals) = postSolution
		SolutionGuid = {4F7AAD4F-5746-4084-A851-993F2AD6C067}
	EndGlobalSection
EndGlobal
